{
  "name": "react-site-tutorial-example",
  "version": "0.0.0",
  "lockfileVersion": 1,
  "requires": true,
  "dependencies": {
    "eslint-config-prettier": {
      "version": "4.1.0",
      "resolved": "https://registry.npmjs.org/eslint-config-prettier/-/eslint-config-prettier-4.1.0.tgz",
      "integrity": "sha512-zILwX9/Ocz4SV2vX7ox85AsrAgXV3f2o2gpIicdMIOra48WYqgUnWNH/cR/iHtmD2Vb3dLSC3LiEJnS05Gkw7w==",
      "requires": {
        "get-stdin": "^6.0.0"
      }
    },
    "eslint-plugin-prettier": {
      "version": "3.0.1",
      "resolved": "https://registry.npmjs.org/eslint-plugin-prettier/-/eslint-plugin-prettier-3.0.1.tgz",
      "integrity": "sha512-/PMttrarPAY78PLvV3xfWibMOdMDl57hmlQ2XqFeA37wd+CJ7WSxV7txqjVPHi/AAFKd2lX0ZqfsOc/i5yFCSQ==",
      "requires": {
        "prettier-linter-helpers": "^1.0.0"
      }
    },
    "fast-diff": {
      "version": "1.2.0",
      "resolved": "https://registry.npmjs.org/fast-diff/-/fast-diff-1.2.0.tgz",
      "integrity": "sha512-xJuoT5+L99XlZ8twedaRf6Ax2TgQVxvgZOYoPKqZufmJib0tL2tegPBOZb1pVNgIhlqDlA0eO0c3wBvQcmzx4w=="
    },
    "get-stdin": {
      "version": "6.0.0",
      "resolved": "https://registry.npmjs.org/get-stdin/-/get-stdin-6.0.0.tgz",
      "integrity": "sha512-jp4tHawyV7+fkkSKyvjuLZswblUtz+SQKzSWnBbii16BuZksJlU1wuBYXY75r+duh/llF1ur6oNwi+2ZzjKZ7g=="
    },
    "js-tokens": {
      "version": "4.0.0",
      "resolved": "https://registry.npmjs.org/js-tokens/-/js-tokens-4.0.0.tgz",
      "integrity": "sha512-RdJUflcE3cUzKiMqQgsCu06FPu9UdIJO0beYbPhHN4k6apgJtifcoCtT9bcxOpYBtpD2kCM6Sbzg4CausW/PKQ=="
    },
    "loose-envify": {
      "version": "1.4.0",
      "resolved": "https://registry.npmjs.org/loose-envify/-/loose-envify-1.4.0.tgz",
      "integrity": "sha512-lyuxPGr/Wfhrlem2CL/UcnUc1zcqKAImBDzukY7Y5F/yQiNdko6+fRLevlw1HgMySw7f611UIY408EtxRSoK3Q==",
      "requires": {
        "js-tokens": "^3.0.0 || ^4.0.0"
      }
    },
    "object-assign": {
      "version": "4.1.1",
      "resolved": "https://registry.npmjs.org/object-assign/-/object-assign-4.1.1.tgz",
      "integrity": "sha1-IQmtx5ZYh8/AXLvUQsrIv7s2CGM="
    },
    "prettier-linter-helpers": {
      "version": "1.0.0",
      "resolved": "https://registry.npmjs.org/prettier-linter-helpers/-/prettier-linter-helpers-1.0.0.tgz",
      "integrity": "sha512-GbK2cP9nraSSUF9N2XwUwqfzlAFlMNYYl+ShE/V+H8a9uNl/oUqB1w2EL54Jh0OlyRSd8RfWYJ3coVS4TROP2w==",
      "requires": {
        "fast-diff": "^1.1.2"
      }
    },
    "prop-types": {
      "version": "15.7.2",
      "resolved": "https://registry.npmjs.org/prop-types/-/prop-types-15.7.2.tgz",
      "integrity": "sha512-8QQikdH7//R2vurIJSutZ1smHYTcLpRWEOlHnzcWHmBYrOGUysKwSsrC89BCiFj3CbrfJ/nXFdJepOVrY1GCHQ==",
      "requires": {
        "loose-envify": "^1.4.0",
        "object-assign": "^4.1.1",
        "react-is": "^16.8.1"
      }
    },
    "react": {
      "version": "file:https:/registry.npmjs.org/react/-/react-16.8.6.tgz",
      "integrity": "sha512-pC0uMkhLaHm11ZSJULfOBqV4tIZkx87ZLvbbQYunNixAAvjnC+snJCg0XQXn9VIsttVsbZP/H/ewzgsd5fxKXw==",
      "requires": {
        "loose-envify": "^1.1.0",
        "object-assign": "^4.1.1",
        "prop-types": "^15.6.2",
        "scheduler": "^0.13.6"
      }
    },
    "react-dom": {
      "version": "file:https:/registry.npmjs.org/react-dom/-/react-dom-16.8.6.tgz",
      "integrity": "sha512-1nL7PIq9LTL3fthPqwkvr2zY7phIPjYrT0jp4HjyEQrEROnw4dG41VVwi/wfoCneoleqrNX7iAD+pXebJZwrwA==",
      "requires": {
        "loose-envify": "^1.1.0",
        "object-assign": "^4.1.1",
        "prop-types": "^15.6.2",
        "scheduler": "^0.13.6"
      }
    },
    "react-is": {
      "version": "16.8.5",
      "resolved": "https://registry.npmjs.org/react-is/-/react-is-16.8.5.tgz",
      "integrity": "sha512-sudt2uq5P/2TznPV4Wtdi+Lnq3yaYW8LfvPKLM9BKD8jJNBkxMVyB0C9/GmVhLw7Jbdmndk/73n7XQGeN9A3QQ=="
    },
    "react-scripts": {
      "version": "file:../node_modules/react-scripts",
      "integrity": "sha512-ZXqnbg+kLRaacAkjuedMFTgKu9lNltMDDsuwn37CTV7X2tuZQmDKi08eI3LYvtpjqh5vm8/6BhwHRHkRtvMyJg==",
      "requires": {
        "autoprefixer": "7.1.6",
        "babel-core": "6.26.0",
        "babel-eslint": "7.2.3",
        "babel-jest": "20.0.3",
        "babel-loader": "7.1.2",
        "babel-preset-react-app": "^3.1.2",
        "babel-runtime": "6.26.0",
        "case-sensitive-paths-webpack-plugin": "2.1.1",
        "chalk": "1.1.3",
        "css-loader": "0.28.7",
        "dotenv": "4.0.0",
        "dotenv-expand": "4.2.0",
        "eslint": "4.10.0",
        "eslint-config-react-app": "^2.1.0",
        "eslint-loader": "1.9.0",
        "eslint-plugin-flowtype": "2.39.1",
        "eslint-plugin-import": "2.8.0",
        "eslint-plugin-jsx-a11y": "5.1.1",
        "eslint-plugin-react": "7.4.0",
        "extract-text-webpack-plugin": "3.0.2",
        "file-loader": "1.1.5",
        "fs-extra": "3.0.1",
        "fsevents": "^1.1.3",
        "html-webpack-plugin": "2.29.0",
        "jest": "20.0.4",
        "object-assign": "4.1.1",
        "postcss-flexbugs-fixes": "3.2.0",
        "postcss-loader": "2.0.8",
        "promise": "8.0.1",
        "raf": "3.4.0",
        "react-dev-utils": "^5.0.2",
        "resolve": "1.6.0",
        "style-loader": "0.19.0",
        "sw-precache-webpack-plugin": "0.11.4",
        "url-loader": "0.6.2",
        "webpack": "3.8.1",
        "webpack-dev-server": "2.11.3",
        "webpack-manifest-plugin": "1.3.2",
        "whatwg-fetch": "2.0.3"
      }
    },
    "react-site-tutorial": {
      "version": "file:..",
      "requires": {
        "eslint-config-prettier": "^4.1.0",
        "eslint-plugin-prettier": "^3.0.1"
      }
    }
  }
}
